
Microsoft Visual Studio Solution File, Format Version 12.00
# Visual Studio 2012
Project("{FAE04EC0-301F-11D3-BF4B-00C04F79EFBC}") = "Xam.DCAnimationKit", "Xam.DCAnimationKit\Xam.DCAnimationKit.csproj", "{77EE1598-9351-408D-BD72-D2BF44A59BD1}"
EndProject
Global
	GlobalSection(SolutionConfigurationPlatforms) = preSolution
		Debug|Any CPU = Debug|Any CPU
		Release|Any CPU = Release|Any CPU
		Debug|iPhoneSimulator = Debug|iPhoneSimulator
		Release|iPhone = Release|iPhone
		Release|iPhoneSimulator = Release|iPhoneSimulator
		Debug|iPhone = Debug|iPhone
	EndGlobalSection
	GlobalSection(ProjectConfigurationPlatforms) = postSolution
		{77EE1598-9351-408D-BD72-D2BF44A59BD1}.Debug|Any CPU.ActiveCfg = Debug|Any CPU
		{77EE1598-9351-408D-BD72-D2BF44A59BD1}.Debug|Any CPU.Build.0 = Debug|Any CPU
		{77EE1598-9351-408D-BD72-D2BF44A59BD1}.Release|Any CPU.ActiveCfg = Release|Any CPU
		{77EE1598-9351-408D-BD72-D2BF44A59BD1}.Release|Any CPU.Build.0 = Release|Any CPU
		{77EE1598-9351-408D-BD72-D2BF44A59BD1}.Debug|iPhoneSimulator.ActiveCfg = Debug|Any CPU
		{77EE1598-9351-408D-BD72-D2BF44A59BD1}.Debug|iPhoneSimulator.Build.0 = Debug|Any CPU
		{77EE1598-9351-408D-BD72-D2BF44A59BD1}.Release|iPhone.ActiveCfg = Release|Any CPU
		{77EE1598-9351-408D-BD72-D2BF44A59BD1}.Release|iPhone.Build.0 = Release|Any CPU
		{77EE1598-9351-408D-BD72-D2BF44A59BD1}.Release|iPhoneSimulator.ActiveCfg = Release|Any CPU
		{77EE1598-9351-408D-BD72-D2BF44A59BD1}.Release|iPhoneSimulator.Build.0 = Release|Any CPU
		{77EE1598-9351-408D-BD72-D2BF44A59BD1}.Debug|iPhone.ActiveCfg = Debug|Any CPU
		{77EE1598-9351-408D-BD72-D2BF44A59BD1}.Debug|iPhone.Build.0 = Debug|Any CPU
	EndGlobalSection
EndGlobal
